{
  "version": 4,
  "terraform_version": "1.3.4",
  "serial": 106,
  "lineage": "614960b4-94bf-b8ae-41c0-94ee0fa62012",
  "outputs": {},
  "resources": [
    {
      "module": "module.bastion",
      "mode": "data",
      "type": "template_file",
      "name": "startup_script",
      "provider": "provider[\"registry.terraform.io/hashicorp/template\"]",
      "instances": [
        {
          "schema_version": 0,
          "attributes": {
            "filename": null,
            "id": "4dbd60bcf5ea5aa338b378a6110677207ef6cb45dd19459e1d8d4baccd0c571f",
            "rendered": "sudo apt-get update -y\nsudo apt-get install -y tinyproxy\nsudo apt-get install -y kubectl\nsudo apt-get install google-cloud-sdk-gke-gcloud-auth-plugin\n",
            "template": "sudo apt-get update -y\nsudo apt-get install -y tinyproxy\nsudo apt-get install -y kubectl\nsudo apt-get install google-cloud-sdk-gke-gcloud-auth-plugin\n",
            "vars": null
          },
          "sensitive_attributes": []
        }
      ]
    },
    {
      "module": "module.bastion",
      "mode": "managed",
      "type": "google_compute_instance",
      "name": "bastion",
      "provider": "provider[\"registry.terraform.io/hashicorp/google\"]",
      "instances": [
        {
          "schema_version": 6,
          "attributes": {
            "allow_stopping_for_update": true,
            "attached_disk": [],
            "boot_disk": [
              {
                "auto_delete": true,
                "device_name": "persistent-disk-0",
                "disk_encryption_key_raw": "",
                "disk_encryption_key_sha256": "",
                "initialize_params": [
                  {
                    "image": "https://www.googleapis.com/compute/v1/projects/debian-cloud/global/images/debian-10-buster-v20221102",
                    "labels": {},
                    "size": 10,
                    "type": "pd-standard"
                  }
                ],
                "kms_key_self_link": "",
                "mode": "READ_WRITE",
                "source": "https://www.googleapis.com/compute/v1/projects/project-for-mohab/zones/europe-west3-b/disks/app-cluster-bastion"
              }
            ],
            "can_ip_forward": false,
            "cpu_platform": "Intel Broadwell",
            "current_status": "RUNNING",
            "deletion_protection": false,
            "description": "",
            "desired_status": null,
            "enable_display": false,
            "guest_accelerator": [],
            "hostname": "",
            "id": "projects/project-for-mohab/zones/europe-west3-b/instances/app-cluster-bastion",
            "instance_id": "5167338563604857170",
            "label_fingerprint": "42WmSpB8rSM=",
            "labels": {},
            "machine_type": "e2-micro",
            "metadata": {},
            "metadata_fingerprint": "fN-Fq_93BG4=",
            "metadata_startup_script": "sudo apt-get update -y\nsudo apt-get install -y tinyproxy\nsudo apt-get install -y kubectl\nsudo apt-get install google-cloud-sdk-gke-gcloud-auth-plugin\n",
            "min_cpu_platform": "",
            "name": "app-cluster-bastion",
            "network_interface": [
              {
                "access_config": [
                  {
                    "nat_ip": "35.207.110.36",
                    "network_tier": "STANDARD",
                    "public_ptr_domain_name": ""
                  }
                ],
                "alias_ip_range": [],
                "name": "nic0",
                "network": "https://www.googleapis.com/compute/v1/projects/project-for-mohab/global/networks/kubernetes-cluster",
                "network_ip": "10.9.0.3",
                "subnetwork": "https://www.googleapis.com/compute/v1/projects/project-for-mohab/regions/europe-west3/subnetworks/kubernetes-cluster--management-subnet",
                "subnetwork_project": "project-for-mohab"
              }
            ],
            "project": "project-for-mohab",
            "resource_policies": [],
            "scheduling": [
              {
                "automatic_restart": true,
                "node_affinities": [],
                "on_host_maintenance": "MIGRATE",
                "preemptible": false
              }
            ],
            "scratch_disk": [],
            "self_link": "https://www.googleapis.com/compute/v1/projects/project-for-mohab/zones/europe-west3-b/instances/app-cluster-bastion",
            "service_account": [
              {
                "email": "app-cluster-bastion-sa@project-for-mohab.iam.gserviceaccount.com",
                "scopes": [
                  "https://www.googleapis.com/auth/cloud-platform"
                ]
              }
            ],
            "shielded_instance_config": [
              {
                "enable_integrity_monitoring": true,
                "enable_secure_boot": true,
                "enable_vtpm": true
              }
            ],
            "tags": [
              "bastion"
            ],
            "tags_fingerprint": "NfTTNVh6sLU=",
            "timeouts": null,
            "zone": "europe-west3-b"
          },
          "sensitive_attributes": [],
          "private": "eyJlMmJmYjczMC1lY2FhLTExZTYtOGY4OC0zNDM2M2JjN2M0YzAiOnsiY3JlYXRlIjoxMjAwMDAwMDAwMDAwLCJkZWxldGUiOjEyMDAwMDAwMDAwMDAsInVwZGF0ZSI6MTIwMDAwMDAwMDAwMH0sInNjaGVtYV92ZXJzaW9uIjoiNiJ9",
          "dependencies": [
            "module.bastion.data.template_file.startup_script",
            "module.bastion.google_service_account.manage-sa",
            "module.google_networks.google_compute_network.vpc",
            "module.google_networks.google_compute_subnetwork.management-subnet"
          ]
        }
      ]
    },
    {
      "module": "module.bastion",
      "mode": "managed",
      "type": "google_service_account",
      "name": "manage-sa",
      "provider": "provider[\"registry.terraform.io/hashicorp/google\"]",
      "instances": [
        {
          "schema_version": 0,
          "attributes": {
            "account_id": "app-cluster-bastion-sa",
            "description": "",
            "display_name": "GKE Bastion Service Account",
            "email": "app-cluster-bastion-sa@project-for-mohab.iam.gserviceaccount.com",
            "id": "projects/project-for-mohab/serviceAccounts/app-cluster-bastion-sa@project-for-mohab.iam.gserviceaccount.com",
            "name": "projects/project-for-mohab/serviceAccounts/app-cluster-bastion-sa@project-for-mohab.iam.gserviceaccount.com",
            "project": "project-for-mohab",
            "timeouts": null,
            "unique_id": "113092963888587550477"
          },
          "sensitive_attributes": [],
          "private": "eyJlMmJmYjczMC1lY2FhLTExZTYtOGY4OC0zNDM2M2JjN2M0YzAiOnsiY3JlYXRlIjozMDAwMDAwMDAwMDB9fQ=="
        }
      ]
    },
    {
      "module": "module.google_kubernetes_cluster",
      "mode": "managed",
      "type": "google_container_cluster",
      "name": "app_cluster",
      "provider": "provider[\"registry.terraform.io/hashicorp/google\"]",
      "instances": [
        {
          "schema_version": 1,
          "attributes": {
            "addons_config": [
              {
                "cloudrun_config": [],
                "horizontal_pod_autoscaling": [],
                "http_load_balancing": [],
                "network_policy_config": [
                  {
                    "disabled": true
                  }
                ]
              }
            ],
            "authenticator_groups_config": [],
            "cluster_autoscaling": [
              {
                "auto_provisioning_defaults": [],
                "enabled": false,
                "resource_limits": []
              }
            ],
            "cluster_ipv4_cidr": "10.101.0.0/16",
            "database_encryption": [
              {
                "key_name": "",
                "state": "DECRYPTED"
              }
            ],
            "default_max_pods_per_node": 110,
            "description": "",
            "enable_binary_authorization": false,
            "enable_intranode_visibility": null,
            "enable_kubernetes_alpha": false,
            "enable_legacy_abac": false,
            "enable_shielded_nodes": false,
            "enable_tpu": null,
            "endpoint": "10.100.100.2",
            "id": "projects/project-for-mohab/locations/europe-west3/clusters/app-cluster",
            "initial_node_count": 1,
            "instance_group_urls": [],
            "ip_allocation_policy": [
              {
                "cluster_ipv4_cidr_block": "10.101.0.0/16",
                "cluster_secondary_range_name": "gke-app-cluster-pods-b2abd614",
                "services_ipv4_cidr_block": "10.102.0.0/16",
                "services_secondary_range_name": "gke-app-cluster-services-b2abd614"
              }
            ],
            "label_fingerprint": "a9dc16a7",
            "location": "europe-west3",
            "logging_service": "logging.googleapis.com/kubernetes",
            "maintenance_policy": [],
            "master_auth": [
              {
                "client_certificate": "",
                "client_certificate_config": [
                  {
                    "issue_client_certificate": false
                  }
                ],
                "client_key": "",
                "cluster_ca_certificate": "LS0tLS1CRUdJTiBDRVJUSUZJQ0FURS0tLS0tCk1JSUVMVENDQXBXZ0F3SUJBZ0lSQUppZmxIb01zbHVzeFpjbnRNaTU1SnN3RFFZSktvWklodmNOQVFFTEJRQXcKTHpFdE1Dc0dBMVVFQXhNa016SmxaalJrT0RRdFlqazNZaTAwWlRCaExUaG1NV1V0WkRWaE5XRmtPR0prWmpaawpNQ0FYRFRJeU1URXhOakV6TlRBek1Wb1lEekl3TlRJeE1UQTRNVFExTURNeFdqQXZNUzB3S3dZRFZRUURFeVF6Ck1tVm1OR1E0TkMxaU9UZGlMVFJsTUdFdE9HWXhaUzFrTldFMVlXUTRZbVJtTm1Rd2dnR2lNQTBHQ1NxR1NJYjMKRFFFQkFRVUFBNElCandBd2dnR0tBb0lCZ1FENnJYaWtTZWdPeUtUNHhFT3h3M045QVRVcWw5Mm5qV3BnU0hzQwphM25mSW82Q1RDZVNLeUVuMVdqZjROUzRCYktiQXdtUGlJYUhFMWZ0US9kZjl0VjByVXhHMHdBTGFpQ21FUlBVCjdqQjJwbEJ4MEtpdXkzRjNXSGliZHZWWVE0Z25mbkxSOTgwSVhSdytHTHVCVFlFdlB1K0tJTy8xV3dqVXVpdHQKR3pmUFBnd2dMYXlRc3lNVkVCK1FNOEZjdTM0WHJqdXNmV0VjeDU2MEg4UWtjQ2hRbFFMdlZ6OHU4bFJIalQ5cgpkQWZFNDF0ZjNUUjlCNU5RcDFvNk1ZeEZLN0RMTEhqTW9KM3FKb0k3aFpsZC9jL0pDZVR1TVlka0pyN0hzL0ZRClhSY3hoNkpreURrRGhPeFFyYzcrLy9lMHBXaTJZNWNUbUNxeitEU0xSUVFjR0NkVXNYRUloaVQrVTRHSHRPSHQKK3V1Yld1K1pWOTZMVkd6T056RHZsRFFhNmJ0aTVUdXhJRThnZmVZK2hLbXhHYnBrcW9JRlh1OWdKWXhHUTBxMAp3bVBLNm5hcG9DNm01eEwyY1k3SHJXYUZla2cveGFLenlVZ0wrTmljWUdWQWtSNnowOXhNUU1kZHFEa0ZVMEhOCmliM1ViT0FHZUVQM203ZTN6T1dVSGVIL21yRUNBd0VBQWFOQ01FQXdEZ1lEVlIwUEFRSC9CQVFEQWdJRU1BOEcKQTFVZEV3RUIvd1FGTUFNQkFmOHdIUVlEVlIwT0JCWUVGS3lJaW5PT3VCQUVLY2lpTWVhUmdveUt4WGNoTUEwRwpDU3FHU0liM0RRRUJDd1VBQTRJQmdRRDJJTnhpbm5meGRReVNZMnJ3TEhRT01iQk1kaDhqQkhyN0s1T2I1TitRCko0WE5XUjFOZWFqUnNPMGVLbjhGWkF0dXZSTEtVQXRSVEpOMWFpUkR3T1hUanZEMTlmZlZFQzFkOHJGdkp6VU0KVEdJYWRuNUhLR2pNRmgzd2xVNDRVbi92aHZVQ2VkNUdDcXlzTkY5eXFPRk5HcVFWekk4VlI3V1NCUXBaZUpJKwo5RTNOZ1pZdnNpWjFKWXBmR2pxaGpQUm1Dazh2U0IweUt4NEZ5L0wxMWY3Y1hHcWRpNzJzR3dEcHB5eVEycmQzCjRSZ3V4ZDNrbnV1N0UxM0ozL2xqMmFiRThCTzZFb3lGS3RsUEgwOUNaVHBHV25HV3h2TzE0elBXN3NmN1JTVTYKK1lORWxCSmYxa2xXMjh5RUZIRzdWek9JV2ZDZnNNdU92RS9QWVJ6YytWTzdsUldFaGhIUCtLRndiNjIreCtlSgpqOW5mVzVEVXVOczlNY3hiRUdLN1g5d29sR0tDb2NGUlBtUnBiZ0dhZnBPZitUcHZiczJUZzdqQnJWUlFsWVlQCk9kSUxMaWpHL3VqV2hIbHVabmxyLzVTNE52Z3ZTRFJqSllHcjBDT2pmT1lxQ2RLRDFGV0RKLzd1UUJXY3ZmL1oKdUtUWVRWZ3dPd0pqenhnV1BadHU5Mnc9Ci0tLS0tRU5EIENFUlRJRklDQVRFLS0tLS0K",
                "password": "",
                "username": ""
              }
            ],
            "master_authorized_networks_config": [
              {
                "cidr_blocks": [
                  {
                    "cidr_block": "10.9.0.3/32",
                    "display_name": ""
                  }
                ]
              }
            ],
            "master_version": "1.23.12-gke.100",
            "min_master_version": null,
            "monitoring_service": "monitoring.googleapis.com/kubernetes",
            "name": "app-cluster",
            "network": "projects/project-for-mohab/global/networks/kubernetes-cluster",
            "network_policy": [
              {
                "enabled": false,
                "provider": "PROVIDER_UNSPECIFIED"
              }
            ],
            "node_config": [
              {
                "disk_size_gb": 100,
                "disk_type": "pd-standard",
                "guest_accelerator": [],
                "image_type": "COS_CONTAINERD",
                "labels": {
                  "cluster": "app-cluster"
                },
                "local_ssd_count": 0,
                "machine_type": "e2-micro",
                "metadata": {
                  "disable-legacy-endpoints": "true",
                  "google-compute-enable-virtio-rng": "true"
                },
                "min_cpu_platform": "",
                "oauth_scopes": [
                  "https://www.googleapis.com/auth/logging.write",
                  "https://www.googleapis.com/auth/monitoring"
                ],
                "preemptible": false,
                "service_account": "gke-sa@project-for-mohab.iam.gserviceaccount.com",
                "shielded_instance_config": [
                  {
                    "enable_integrity_monitoring": true,
                    "enable_secure_boot": false
                  }
                ],
                "tags": [],
                "taint": [],
                "workload_metadata_config": []
              }
            ],
            "node_locations": [
              "europe-west3-a",
              "europe-west3-b",
              "europe-west3-c"
            ],
            "node_pool": [
              {
                "autoscaling": [],
                "initial_node_count": 1,
                "instance_group_urls": [],
                "management": [
                  {
                    "auto_repair": true,
                    "auto_upgrade": true
                  }
                ],
                "max_pods_per_node": 110,
                "name": "app-cluster--linux-node-pool",
                "name_prefix": "",
                "node_config": [
                  {
                    "disk_size_gb": 100,
                    "disk_type": "pd-standard",
                    "guest_accelerator": [],
                    "image_type": "COS_CONTAINERD",
                    "labels": {
                      "cluster": "app-cluster"
                    },
                    "local_ssd_count": 0,
                    "machine_type": "e2-micro",
                    "metadata": {
                      "disable-legacy-endpoints": "true",
                      "google-compute-enable-virtio-rng": "true"
                    },
                    "min_cpu_platform": "",
                    "oauth_scopes": [
                      "https://www.googleapis.com/auth/logging.write",
                      "https://www.googleapis.com/auth/monitoring"
                    ],
                    "preemptible": false,
                    "service_account": "gke-sa@project-for-mohab.iam.gserviceaccount.com",
                    "shielded_instance_config": [
                      {
                        "enable_integrity_monitoring": true,
                        "enable_secure_boot": false
                      }
                    ],
                    "tags": [],
                    "taint": [],
                    "workload_metadata_config": []
                  }
                ],
                "node_count": 0,
                "node_locations": [
                  "europe-west3-b"
                ],
                "upgrade_settings": [
                  {
                    "max_surge": 1,
                    "max_unavailable": 0
                  }
                ],
                "version": "1.23.12-gke.100"
              }
            ],
            "node_version": "1.23.12-gke.100",
            "operation": null,
            "pod_security_policy_config": [],
            "private_cluster_config": [
              {
                "enable_private_endpoint": true,
                "enable_private_nodes": true,
                "master_ipv4_cidr_block": "10.100.100.0/28",
                "peering_name": "gke-n25fb4ec59f2e6d2fa4f-0429-0f5c-peer",
                "private_endpoint": "10.100.100.2",
                "public_endpoint": "34.159.176.59"
              }
            ],
            "project": "project-for-mohab",
            "release_channel": [
              {
                "channel": "REGULAR"
              }
            ],
            "remove_default_node_pool": true,
            "resource_labels": {},
            "resource_usage_export_config": [],
            "self_link": "https://container.googleapis.com/v1beta1/projects/project-for-mohab/locations/europe-west3/clusters/app-cluster",
            "services_ipv4_cidr": "10.102.0.0/16",
            "subnetwork": "projects/project-for-mohab/regions/europe-west3/subnetworks/kubernetes-cluster--subnet",
            "timeouts": null,
            "vertical_pod_autoscaling": [],
            "workload_identity_config": []
          },
          "sensitive_attributes": [],
          "private": "eyJlMmJmYjczMC1lY2FhLTExZTYtOGY4OC0zNDM2M2JjN2M0YzAiOnsiY3JlYXRlIjoyNDAwMDAwMDAwMDAwLCJkZWxldGUiOjI0MDAwMDAwMDAwMDAsInJlYWQiOjI0MDAwMDAwMDAwMDAsInVwZGF0ZSI6MzYwMDAwMDAwMDAwMH0sInNjaGVtYV92ZXJzaW9uIjoiMSJ9",
          "dependencies": [
            "module.bastion.data.template_file.startup_script",
            "module.bastion.google_compute_instance.bastion",
            "module.bastion.google_service_account.manage-sa",
            "module.google_networks.google_compute_network.vpc",
            "module.google_networks.google_compute_subnetwork.management-subnet",
            "module.google_networks.google_compute_subnetwork.subnet"
          ]
        }
      ]
    },
    {
      "module": "module.google_kubernetes_cluster",
      "mode": "managed",
      "type": "google_container_node_pool",
      "name": "app_cluster_linux_node_pool",
      "provider": "provider[\"registry.terraform.io/hashicorp/google\"]",
      "instances": [
        {
          "schema_version": 1,
          "attributes": {
            "autoscaling": [],
            "cluster": "app-cluster",
            "id": "projects/project-for-mohab/locations/europe-west3/clusters/app-cluster/nodePools/app-cluster--linux-node-pool",
            "initial_node_count": 1,
            "instance_group_urls": [],
            "location": "europe-west3",
            "management": [
              {
                "auto_repair": true,
                "auto_upgrade": true
              }
            ],
            "max_pods_per_node": 110,
            "name": "app-cluster--linux-node-pool",
            "name_prefix": "",
            "node_config": [
              {
                "disk_size_gb": 100,
                "disk_type": "pd-standard",
                "guest_accelerator": [],
                "image_type": "COS_CONTAINERD",
                "labels": {
                  "cluster": "app-cluster"
                },
                "local_ssd_count": 0,
                "machine_type": "e2-micro",
                "metadata": {
                  "disable-legacy-endpoints": "true",
                  "google-compute-enable-virtio-rng": "true"
                },
                "min_cpu_platform": "",
                "oauth_scopes": [
                  "https://www.googleapis.com/auth/logging.write",
                  "https://www.googleapis.com/auth/monitoring"
                ],
                "preemptible": false,
                "service_account": "gke-sa@project-for-mohab.iam.gserviceaccount.com",
                "shielded_instance_config": [
                  {
                    "enable_integrity_monitoring": true,
                    "enable_secure_boot": false
                  }
                ],
                "tags": [],
                "taint": [],
                "workload_metadata_config": []
              }
            ],
            "node_count": 0,
            "node_locations": [
              "europe-west3-b"
            ],
            "project": "project-for-mohab",
            "timeouts": null,
            "upgrade_settings": [
              {
                "max_surge": 1,
                "max_unavailable": 0
              }
            ],
            "version": "1.23.12-gke.100"
          },
          "sensitive_attributes": [],
          "private": "eyJlMmJmYjczMC1lY2FhLTExZTYtOGY4OC0zNDM2M2JjN2M0YzAiOnsiY3JlYXRlIjoxODAwMDAwMDAwMDAwLCJkZWxldGUiOjE4MDAwMDAwMDAwMDAsInVwZGF0ZSI6MTgwMDAwMDAwMDAwMH0sInNjaGVtYV92ZXJzaW9uIjoiMSJ9",
          "dependencies": [
            "module.bastion.data.template_file.startup_script",
            "module.bastion.google_compute_instance.bastion",
            "module.bastion.google_service_account.manage-sa",
            "module.google_kubernetes_cluster.google_container_cluster.app_cluster",
            "module.google_kubernetes_cluster.google_service_account.gke-sa",
            "module.google_networks.google_compute_network.vpc",
            "module.google_networks.google_compute_subnetwork.management-subnet",
            "module.google_networks.google_compute_subnetwork.subnet"
          ]
        }
      ]
    },
    {
      "module": "module.google_kubernetes_cluster",
      "mode": "managed",
      "type": "google_service_account",
      "name": "gke-sa",
      "provider": "provider[\"registry.terraform.io/hashicorp/google\"]",
      "instances": [
        {
          "schema_version": 0,
          "attributes": {
            "account_id": "gke-sa",
            "description": "",
            "display_name": "GKE Service Account",
            "email": "gke-sa@project-for-mohab.iam.gserviceaccount.com",
            "id": "projects/project-for-mohab/serviceAccounts/gke-sa@project-for-mohab.iam.gserviceaccount.com",
            "name": "projects/project-for-mohab/serviceAccounts/gke-sa@project-for-mohab.iam.gserviceaccount.com",
            "project": "project-for-mohab",
            "timeouts": null,
            "unique_id": "113402327100164235286"
          },
          "sensitive_attributes": [],
          "private": "eyJlMmJmYjczMC1lY2FhLTExZTYtOGY4OC0zNDM2M2JjN2M0YzAiOnsiY3JlYXRlIjozMDAwMDAwMDAwMDB9fQ=="
        }
      ]
    },
    {
      "module": "module.google_networks",
      "mode": "managed",
      "type": "google_compute_network",
      "name": "vpc",
      "provider": "provider[\"registry.terraform.io/hashicorp/google\"]",
      "instances": [
        {
          "schema_version": 0,
          "attributes": {
            "auto_create_subnetworks": false,
            "delete_default_routes_on_create": true,
            "description": "",
            "gateway_ipv4": "",
            "id": "projects/project-for-mohab/global/networks/kubernetes-cluster",
            "mtu": 0,
            "name": "kubernetes-cluster",
            "project": "project-for-mohab",
            "routing_mode": "GLOBAL",
            "self_link": "https://www.googleapis.com/compute/v1/projects/project-for-mohab/global/networks/kubernetes-cluster",
            "timeouts": null
          },
          "sensitive_attributes": [],
          "private": "eyJlMmJmYjczMC1lY2FhLTExZTYtOGY4OC0zNDM2M2JjN2M0YzAiOnsiY3JlYXRlIjoyNDAwMDAwMDAwMDAsImRlbGV0ZSI6MjQwMDAwMDAwMDAwLCJ1cGRhdGUiOjI0MDAwMDAwMDAwMH19"
        }
      ]
    },
    {
      "module": "module.google_networks",
      "mode": "managed",
      "type": "google_compute_subnetwork",
      "name": "management-subnet",
      "provider": "provider[\"registry.terraform.io/hashicorp/google\"]",
      "instances": [
        {
          "schema_version": 0,
          "attributes": {
            "creation_timestamp": "2022-11-16T06:46:00.775-08:00",
            "description": "",
            "fingerprint": null,
            "gateway_address": "10.9.0.1",
            "id": "projects/project-for-mohab/regions/europe-west3/subnetworks/kubernetes-cluster--management-subnet",
            "ip_cidr_range": "10.9.0.0/16",
            "log_config": [],
            "name": "kubernetes-cluster--management-subnet",
            "network": "https://www.googleapis.com/compute/v1/projects/project-for-mohab/global/networks/kubernetes-cluster",
            "private_ip_google_access": true,
            "private_ipv6_google_access": "DISABLE_GOOGLE_ACCESS",
            "project": "project-for-mohab",
            "region": "europe-west3",
            "secondary_ip_range": [],
            "self_link": "https://www.googleapis.com/compute/v1/projects/project-for-mohab/regions/europe-west3/subnetworks/kubernetes-cluster--management-subnet",
            "timeouts": null
          },
          "sensitive_attributes": [],
          "private": "eyJlMmJmYjczMC1lY2FhLTExZTYtOGY4OC0zNDM2M2JjN2M0YzAiOnsiY3JlYXRlIjozNjAwMDAwMDAwMDAsImRlbGV0ZSI6MzYwMDAwMDAwMDAwLCJ1cGRhdGUiOjM2MDAwMDAwMDAwMH19",
          "dependencies": [
            "module.google_networks.google_compute_network.vpc"
          ]
        }
      ]
    },
    {
      "module": "module.google_networks",
      "mode": "managed",
      "type": "google_compute_subnetwork",
      "name": "subnet",
      "provider": "provider[\"registry.terraform.io/hashicorp/google\"]",
      "instances": [
        {
          "schema_version": 0,
          "attributes": {
            "creation_timestamp": "2022-11-16T06:46:00.854-08:00",
            "description": "",
            "fingerprint": null,
            "gateway_address": "10.10.0.1",
            "id": "projects/project-for-mohab/regions/europe-west3/subnetworks/kubernetes-cluster--subnet",
            "ip_cidr_range": "10.10.0.0/16",
            "log_config": [],
            "name": "kubernetes-cluster--subnet",
            "network": "https://www.googleapis.com/compute/v1/projects/project-for-mohab/global/networks/kubernetes-cluster",
            "private_ip_google_access": true,
            "private_ipv6_google_access": "DISABLE_GOOGLE_ACCESS",
            "project": "project-for-mohab",
            "region": "europe-west3",
            "secondary_ip_range": [
              {
                "ip_cidr_range": "10.102.0.0/16",
                "range_name": "gke-app-cluster-services-b2abd614"
              },
              {
                "ip_cidr_range": "10.101.0.0/16",
                "range_name": "gke-app-cluster-pods-b2abd614"
              }
            ],
            "self_link": "https://www.googleapis.com/compute/v1/projects/project-for-mohab/regions/europe-west3/subnetworks/kubernetes-cluster--subnet",
            "timeouts": null
          },
          "sensitive_attributes": [],
          "private": "eyJlMmJmYjczMC1lY2FhLTExZTYtOGY4OC0zNDM2M2JjN2M0YzAiOnsiY3JlYXRlIjozNjAwMDAwMDAwMDAsImRlbGV0ZSI6MzYwMDAwMDAwMDAwLCJ1cGRhdGUiOjM2MDAwMDAwMDAwMH19",
          "dependencies": [
            "module.google_networks.google_compute_network.vpc"
          ]
        }
      ]
    }
  ],
  "check_results": null
}
