{
  "version": 4,
  "terraform_version": "1.3.4",
  "serial": 59,
  "lineage": "20144020-feaf-5946-f193-8c337520666a",
  "outputs": {
    "bastion_open_tunnel_command": {
      "value": "gcloud compute ssh app-cluster-bastion --project project-for-mohab --zone europe-west3-b -- -L8888:127.0.0.1:8888 -f tail -f /dev/null",
      "type": "string"
    },
    "kubectl_alias_command": {
      "value": "alias kube='HTTPS_PROXY=localhost:8888 kubectl'",
      "type": "string"
    }
  },
  "resources": [
    {
      "module": "module.bastion",
      "mode": "data",
      "type": "template_file",
      "name": "startup_script",
      "provider": "provider[\"registry.terraform.io/hashicorp/template\"]",
      "instances": [
        {
          "schema_version": 0,
          "attributes": {
            "filename": null,
            "id": "4dbd60bcf5ea5aa338b378a6110677207ef6cb45dd19459e1d8d4baccd0c571f",
            "rendered": "sudo apt-get update -y\nsudo apt-get install -y tinyproxy\nsudo apt-get install -y kubectl\nsudo apt-get install google-cloud-sdk-gke-gcloud-auth-plugin\n",
            "template": "sudo apt-get update -y\nsudo apt-get install -y tinyproxy\nsudo apt-get install -y kubectl\nsudo apt-get install google-cloud-sdk-gke-gcloud-auth-plugin\n",
            "vars": null
          },
          "sensitive_attributes": []
        }
      ]
    },
    {
      "module": "module.bastion",
      "mode": "managed",
      "type": "google_compute_firewall",
      "name": "bastion-ssh",
      "provider": "provider[\"registry.terraform.io/hashicorp/google\"]",
      "instances": [
        {
          "schema_version": 1,
          "attributes": {
            "allow": [
              {
                "ports": [
                  "22"
                ],
                "protocol": "tcp"
              }
            ],
            "creation_timestamp": "2022-11-17T09:52:02.360-08:00",
            "deny": [],
            "description": "",
            "destination_ranges": [],
            "direction": "INGRESS",
            "disabled": false,
            "enable_logging": null,
            "id": "projects/project-for-mohab/global/firewalls/app-cluster-bastion-ssh",
            "log_config": [],
            "name": "app-cluster-bastion-ssh",
            "network": "https://www.googleapis.com/compute/v1/projects/project-for-mohab/global/networks/kubernetes-cluster",
            "priority": 1000,
            "project": "project-for-mohab",
            "self_link": "https://www.googleapis.com/compute/v1/projects/project-for-mohab/global/firewalls/app-cluster-bastion-ssh",
            "source_ranges": [
              "0.0.0.0/0"
            ],
            "source_service_accounts": [],
            "source_tags": [],
            "target_service_accounts": [],
            "target_tags": [
              "bastion"
            ],
            "timeouts": null
          },
          "sensitive_attributes": [],
          "private": "eyJlMmJmYjczMC1lY2FhLTExZTYtOGY4OC0zNDM2M2JjN2M0YzAiOnsiY3JlYXRlIjoyNDAwMDAwMDAwMDAsImRlbGV0ZSI6MjQwMDAwMDAwMDAwLCJ1cGRhdGUiOjI0MDAwMDAwMDAwMH0sInNjaGVtYV92ZXJzaW9uIjoiMSJ9",
          "dependencies": [
            "module.google_networks.google_compute_network.vpc"
          ]
        }
      ]
    },
    {
      "module": "module.bastion",
      "mode": "managed",
      "type": "google_compute_instance",
      "name": "bastion",
      "provider": "provider[\"registry.terraform.io/hashicorp/google\"]",
      "instances": [
        {
          "schema_version": 6,
          "attributes": {
            "allow_stopping_for_update": true,
            "attached_disk": [],
            "boot_disk": [
              {
                "auto_delete": true,
                "device_name": "persistent-disk-0",
                "disk_encryption_key_raw": "",
                "disk_encryption_key_sha256": "",
                "initialize_params": [
                  {
                    "image": "https://www.googleapis.com/compute/v1/projects/debian-cloud/global/images/debian-10-buster-v20221102",
                    "labels": {},
                    "size": 10,
                    "type": "pd-standard"
                  }
                ],
                "kms_key_self_link": "",
                "mode": "READ_WRITE",
                "source": "https://www.googleapis.com/compute/v1/projects/project-for-mohab/zones/europe-west3-b/disks/app-cluster-bastion"
              }
            ],
            "can_ip_forward": false,
            "cpu_platform": "Intel Broadwell",
            "current_status": "RUNNING",
            "deletion_protection": false,
            "description": "",
            "desired_status": null,
            "enable_display": false,
            "guest_accelerator": [],
            "hostname": "",
            "id": "projects/project-for-mohab/zones/europe-west3-b/instances/app-cluster-bastion",
            "instance_id": "7407341583891903615",
            "label_fingerprint": "42WmSpB8rSM=",
            "labels": {},
            "machine_type": "e2-micro",
            "metadata": {},
            "metadata_fingerprint": "fN-Fq_93BG4=",
            "metadata_startup_script": "sudo apt-get update -y\nsudo apt-get install -y tinyproxy\nsudo apt-get install -y kubectl\nsudo apt-get install google-cloud-sdk-gke-gcloud-auth-plugin\n",
            "min_cpu_platform": "",
            "name": "app-cluster-bastion",
            "network_interface": [
              {
                "access_config": [
                  {
                    "nat_ip": "35.207.110.36",
                    "network_tier": "STANDARD",
                    "public_ptr_domain_name": ""
                  }
                ],
                "alias_ip_range": [],
                "name": "nic0",
                "network": "https://www.googleapis.com/compute/v1/projects/project-for-mohab/global/networks/kubernetes-cluster",
                "network_ip": "10.9.0.3",
                "subnetwork": "https://www.googleapis.com/compute/v1/projects/project-for-mohab/regions/europe-west3/subnetworks/kubernetes-cluster--management-subnet",
                "subnetwork_project": "project-for-mohab"
              }
            ],
            "project": "project-for-mohab",
            "resource_policies": [],
            "scheduling": [
              {
                "automatic_restart": true,
                "node_affinities": [],
                "on_host_maintenance": "MIGRATE",
                "preemptible": false
              }
            ],
            "scratch_disk": [],
            "self_link": "https://www.googleapis.com/compute/v1/projects/project-for-mohab/zones/europe-west3-b/instances/app-cluster-bastion",
            "service_account": [
              {
                "email": "app-cluster-bastion-sa@project-for-mohab.iam.gserviceaccount.com",
                "scopes": [
                  "https://www.googleapis.com/auth/cloud-platform"
                ]
              }
            ],
            "shielded_instance_config": [
              {
                "enable_integrity_monitoring": true,
                "enable_secure_boot": true,
                "enable_vtpm": true
              }
            ],
            "tags": [
              "bastion"
            ],
            "tags_fingerprint": "NfTTNVh6sLU=",
            "timeouts": null,
            "zone": "europe-west3-b"
          },
          "sensitive_attributes": [],
          "private": "eyJlMmJmYjczMC1lY2FhLTExZTYtOGY4OC0zNDM2M2JjN2M0YzAiOnsiY3JlYXRlIjoxMjAwMDAwMDAwMDAwLCJkZWxldGUiOjEyMDAwMDAwMDAwMDAsInVwZGF0ZSI6MTIwMDAwMDAwMDAwMH0sInNjaGVtYV92ZXJzaW9uIjoiNiJ9",
          "dependencies": [
            "module.bastion.data.template_file.startup_script",
            "module.bastion.google_service_account.manage-sa",
            "module.google_networks.google_compute_network.vpc",
            "module.google_networks.google_compute_subnetwork.management-subnet"
          ]
        }
      ]
    },
    {
      "module": "module.bastion",
      "mode": "managed",
      "type": "google_project_iam_binding",
      "name": "manage-sa-bindig-2",
      "provider": "provider[\"registry.terraform.io/hashicorp/google\"]",
      "instances": [
        {
          "schema_version": 0,
          "attributes": {
            "condition": [],
            "etag": "BwXtsUN1qt0=",
            "id": "project-for-mohab/roles/container.admin",
            "members": [
              "serviceAccount:app-cluster-bastion-sa@project-for-mohab.iam.gserviceaccount.com"
            ],
            "project": "project-for-mohab",
            "role": "roles/container.admin"
          },
          "sensitive_attributes": [],
          "private": "bnVsbA==",
          "dependencies": [
            "module.bastion.google_service_account.manage-sa"
          ]
        }
      ]
    },
    {
      "module": "module.bastion",
      "mode": "managed",
      "type": "google_project_iam_binding",
      "name": "manage-sa-binding",
      "provider": "provider[\"registry.terraform.io/hashicorp/google\"]",
      "instances": [
        {
          "schema_version": 0,
          "attributes": {
            "condition": [],
            "etag": "BwXtsUN1qt0=",
            "id": "project-for-mohab/roles/storage.admin",
            "members": [
              "serviceAccount:app-cluster-bastion-sa@project-for-mohab.iam.gserviceaccount.com"
            ],
            "project": "project-for-mohab",
            "role": "roles/storage.admin"
          },
          "sensitive_attributes": [],
          "private": "bnVsbA==",
          "dependencies": [
            "module.bastion.google_service_account.manage-sa"
          ]
        }
      ]
    },
    {
      "module": "module.bastion",
      "mode": "managed",
      "type": "google_service_account",
      "name": "manage-sa",
      "provider": "provider[\"registry.terraform.io/hashicorp/google\"]",
      "instances": [
        {
          "schema_version": 0,
          "attributes": {
            "account_id": "app-cluster-bastion-sa",
            "description": "",
            "display_name": "GKE Bastion Service Account",
            "email": "app-cluster-bastion-sa@project-for-mohab.iam.gserviceaccount.com",
            "id": "projects/project-for-mohab/serviceAccounts/app-cluster-bastion-sa@project-for-mohab.iam.gserviceaccount.com",
            "name": "projects/project-for-mohab/serviceAccounts/app-cluster-bastion-sa@project-for-mohab.iam.gserviceaccount.com",
            "project": "project-for-mohab",
            "timeouts": null,
            "unique_id": "103690971329503047913"
          },
          "sensitive_attributes": [],
          "private": "eyJlMmJmYjczMC1lY2FhLTExZTYtOGY4OC0zNDM2M2JjN2M0YzAiOnsiY3JlYXRlIjozMDAwMDAwMDAwMDB9fQ=="
        }
      ]
    },
    {
      "module": "module.google_kubernetes_cluster",
      "mode": "managed",
      "type": "google_container_cluster",
      "name": "app_cluster",
      "provider": "provider[\"registry.terraform.io/hashicorp/google\"]",
      "instances": [
        {
          "schema_version": 1,
          "attributes": {
            "addons_config": [
              {
                "cloudrun_config": [],
                "horizontal_pod_autoscaling": [],
                "http_load_balancing": [],
                "network_policy_config": [
                  {
                    "disabled": true
                  }
                ]
              }
            ],
            "authenticator_groups_config": [],
            "cluster_autoscaling": [
              {
                "auto_provisioning_defaults": [],
                "enabled": false,
                "resource_limits": []
              }
            ],
            "cluster_ipv4_cidr": "10.101.0.0/16",
            "database_encryption": [
              {
                "key_name": "",
                "state": "DECRYPTED"
              }
            ],
            "default_max_pods_per_node": 110,
            "description": "",
            "enable_binary_authorization": false,
            "enable_intranode_visibility": null,
            "enable_kubernetes_alpha": false,
            "enable_legacy_abac": false,
            "enable_shielded_nodes": false,
            "enable_tpu": null,
            "endpoint": "10.100.100.2",
            "id": "projects/project-for-mohab/locations/europe-west3/clusters/app-cluster",
            "initial_node_count": 1,
            "instance_group_urls": [
              "https://www.googleapis.com/compute/v1/projects/project-for-mohab/zones/europe-west3-b/instanceGroups/gke-app-cluster-app-cluster--linux-no-34e8ad65-grp"
            ],
            "ip_allocation_policy": [
              {
                "cluster_ipv4_cidr_block": "10.101.0.0/16",
                "cluster_secondary_range_name": "gke-app-cluster-pods-ce5f8e88",
                "services_ipv4_cidr_block": "10.102.0.0/16",
                "services_secondary_range_name": "gke-app-cluster-services-ce5f8e88"
              }
            ],
            "label_fingerprint": "a9dc16a7",
            "location": "europe-west3",
            "logging_service": "logging.googleapis.com/kubernetes",
            "maintenance_policy": [],
            "master_auth": [
              {
                "client_certificate": "",
                "client_certificate_config": [
                  {
                    "issue_client_certificate": false
                  }
                ],
                "client_key": "",
                "cluster_ca_certificate": "LS0tLS1CRUdJTiBDRVJUSUZJQ0FURS0tLS0tCk1JSUVMVENDQXBXZ0F3SUJBZ0lSQU5oaFZyUWcwMUFkOVh6ZlN0R3JJUzB3RFFZSktvWklodmNOQVFFTEJRQXcKTHpFdE1Dc0dBMVVFQXhNa01qUTNNREEwTVdJdE56TXpaQzAwTXpaaUxXSXdNMll0WkRsall6VmlOalJsWmpOaApNQ0FYRFRJeU1URXhOekUzTXpFMU9Gb1lEekl3TlRJeE1UQTVNVGd6TVRVNFdqQXZNUzB3S3dZRFZRUURFeVF5Ck5EY3dNRFF4WWkwM016TmtMVFF6Tm1JdFlqQXpaaTFrT1dOak5XSTJOR1ZtTTJFd2dnR2lNQTBHQ1NxR1NJYjMKRFFFQkFRVUFBNElCandBd2dnR0tBb0lCZ1FESFhZUTczOHQzamZER1FhVFRRblhPMWFOeDNGV0V0Yzc0MXRBZApIRFlFVHRmUFJVT3B6SzlobkNzcjhlUXdMOG1NZG5sTzZ1OFllQThmR0RiWmtTa281MHg5N0pIZ0Z5a3dOdndUCnZoU2pkc0RkZjVUZG11WkhydVVHbWFXYUtZZkRCUHZJeVBTWnYzcFhtUjB3RkN2YU5kTEZEWU4vNkhBSHBwYUkKRlBxRUdZdTJ0eFhGQWg0aGJRMG0wUGh6VysvaFZzQThCVEM5S1ZHQWVtWmRpOXpvK0p0eVFoSVdESzVSOVRJdApET05teXBFeGRCK0VCSXFyYXdmM3ZWS3UrR3R1czdFNEdUYU00Q01ZRWlFZHZyakRqU2xHdlorMFFFbHV6b29DClIvSlBnNU9UZ09YRUUwZEo2QXYzd2hyZlFoSWJBUkJTdkFWdFR5RVR6VFVlSFZRSDFOU1d5cU9vY21QWGM3T3YKZ3VwT3pLUys5Z21DY2ppWGZLYUNYSmhFRm9wSmZ4dlhtcWt0OUpvTXpYYTMyU28vYzF1cGU1d3owY3g4NUljaAppc0dFN0Z6QjRHYzJRSzR4N2E4ZHQ2U1FvSnlkMTZ4QktlTmZFZUZBR0pTNzRubGdHVkUyOHdKTVMvYXkvcCtkCjN5V0pGOGNYWHZ3MGtRcGhQdDB4Y29xSDE3VUNBd0VBQWFOQ01FQXdEZ1lEVlIwUEFRSC9CQVFEQWdJRU1BOEcKQTFVZEV3RUIvd1FGTUFNQkFmOHdIUVlEVlIwT0JCWUVGRm9tUWk1UkhWNzRZWHM2ZnhOS1BSVDN4RnVrTUEwRwpDU3FHU0liM0RRRUJDd1VBQTRJQmdRQXpHaDd4ekxaNjZJUEE0dTM0NStiWktPOUltNTgzc2RGR2YvK3dkMmNQCllKd3BjTlpsSEFUMGZHdDFqVWo4SS93OUg3V2hPaWNjYk1DWHBpWm9OaDNSZmhJdHR4VFZSWGdJMXlTRC9wS1cKRU5xSFYwNW1IZWtqaDdTd05Ma1dCNENHQ2xKVm81SUtpdkgrWlpNNjdOSVVoYUFGQUowRWM1NUltV3Q3R1ZWNwp6UnN3Q3FNb3EzcFRDRGhncVFBQkRqNTV2WEVFWXBYcXNXeEtibzNvT3dDVFJ1ajZTazVreElCbjBLNzFmdzd1CndRN1Q1STYrRUgvaXc1WnlPS1pRMExoSXNpRUg1YldBY25IdktFMk5wUDB2aHFaSmJlNE00Z3FJekhtbHljWGIKSldJSmJLU2ZleHhCWnpGSGRHcXhVTXhkdGVuR2I2THJaZHVvWk1wTkF6eXBEYmZlL1dwOUpPZGtQZjdtM2RuNgpEUVVoU3NTcDZOZDhURDdCUFFyOSs4ejVvajBXbTdhSXAxYmxHbGs0RXp1ek1NeE90U0VrM2lXTWRQUlFYY2tnCkxrMXhRUWdxTys5TzJPOER0SU5reC9iZmhUako5bUR4QjZlejZ1cnVsTzV3STMyWkd0Z0pDZXBXRGU0d2MvMzAKelIyMldrRU1Ib0lsQWhianVOUElNcDg9Ci0tLS0tRU5EIENFUlRJRklDQVRFLS0tLS0K",
                "password": "",
                "username": ""
              }
            ],
            "master_authorized_networks_config": [
              {
                "cidr_blocks": [
                  {
                    "cidr_block": "10.9.0.3/32",
                    "display_name": ""
                  }
                ]
              }
            ],
            "master_version": "1.23.12-gke.100",
            "min_master_version": null,
            "monitoring_service": "monitoring.googleapis.com/kubernetes",
            "name": "app-cluster",
            "network": "projects/project-for-mohab/global/networks/kubernetes-cluster",
            "network_policy": [
              {
                "enabled": false,
                "provider": "PROVIDER_UNSPECIFIED"
              }
            ],
            "node_config": [
              {
                "disk_size_gb": 100,
                "disk_type": "pd-standard",
                "guest_accelerator": [],
                "image_type": "COS_CONTAINERD",
                "labels": {
                  "cluster": "app-cluster"
                },
                "local_ssd_count": 0,
                "machine_type": "e2-medium",
                "metadata": {
                  "disable-legacy-endpoints": "true",
                  "google-compute-enable-virtio-rng": "true"
                },
                "min_cpu_platform": "",
                "oauth_scopes": [
                  "https://www.googleapis.com/auth/logging.write",
                  "https://www.googleapis.com/auth/monitoring"
                ],
                "preemptible": false,
                "service_account": "gke-sa@project-for-mohab.iam.gserviceaccount.com",
                "shielded_instance_config": [
                  {
                    "enable_integrity_monitoring": true,
                    "enable_secure_boot": false
                  }
                ],
                "tags": [],
                "taint": [],
                "workload_metadata_config": []
              }
            ],
            "node_locations": [
              "europe-west3-a",
              "europe-west3-b",
              "europe-west3-c"
            ],
            "node_pool": [
              {
                "autoscaling": [],
                "initial_node_count": 1,
                "instance_group_urls": [
                  "https://www.googleapis.com/compute/v1/projects/project-for-mohab/zones/europe-west3-b/instanceGroupManagers/gke-app-cluster-app-cluster--linux-no-34e8ad65-grp"
                ],
                "management": [
                  {
                    "auto_repair": true,
                    "auto_upgrade": true
                  }
                ],
                "max_pods_per_node": 110,
                "name": "app-cluster--linux-node-pool",
                "name_prefix": "",
                "node_config": [
                  {
                    "disk_size_gb": 100,
                    "disk_type": "pd-standard",
                    "guest_accelerator": [],
                    "image_type": "COS_CONTAINERD",
                    "labels": {
                      "cluster": "app-cluster"
                    },
                    "local_ssd_count": 0,
                    "machine_type": "e2-medium",
                    "metadata": {
                      "disable-legacy-endpoints": "true",
                      "google-compute-enable-virtio-rng": "true"
                    },
                    "min_cpu_platform": "",
                    "oauth_scopes": [
                      "https://www.googleapis.com/auth/logging.write",
                      "https://www.googleapis.com/auth/monitoring"
                    ],
                    "preemptible": false,
                    "service_account": "gke-sa@project-for-mohab.iam.gserviceaccount.com",
                    "shielded_instance_config": [
                      {
                        "enable_integrity_monitoring": true,
                        "enable_secure_boot": false
                      }
                    ],
                    "tags": [],
                    "taint": [],
                    "workload_metadata_config": []
                  }
                ],
                "node_count": 1,
                "node_locations": [
                  "europe-west3-b"
                ],
                "upgrade_settings": [
                  {
                    "max_surge": 1,
                    "max_unavailable": 0
                  }
                ],
                "version": "1.23.12-gke.100"
              }
            ],
            "node_version": "1.23.12-gke.100",
            "operation": null,
            "pod_security_policy_config": [],
            "private_cluster_config": [
              {
                "enable_private_endpoint": true,
                "enable_private_nodes": true,
                "master_ipv4_cidr_block": "10.100.100.0/28",
                "peering_name": "gke-n25fb4ec59f2e6d2fa4f-6282-7c41-peer",
                "private_endpoint": "10.100.100.2",
                "public_endpoint": "34.159.170.234"
              }
            ],
            "project": "project-for-mohab",
            "release_channel": [
              {
                "channel": "REGULAR"
              }
            ],
            "remove_default_node_pool": true,
            "resource_labels": {},
            "resource_usage_export_config": [],
            "self_link": "https://container.googleapis.com/v1beta1/projects/project-for-mohab/locations/europe-west3/clusters/app-cluster",
            "services_ipv4_cidr": "10.102.0.0/16",
            "subnetwork": "projects/project-for-mohab/regions/europe-west3/subnetworks/kubernetes-cluster--subnet",
            "timeouts": null,
            "vertical_pod_autoscaling": [],
            "workload_identity_config": []
          },
          "sensitive_attributes": [],
          "private": "eyJlMmJmYjczMC1lY2FhLTExZTYtOGY4OC0zNDM2M2JjN2M0YzAiOnsiY3JlYXRlIjoyNDAwMDAwMDAwMDAwLCJkZWxldGUiOjI0MDAwMDAwMDAwMDAsInJlYWQiOjI0MDAwMDAwMDAwMDAsInVwZGF0ZSI6MzYwMDAwMDAwMDAwMH0sInNjaGVtYV92ZXJzaW9uIjoiMSJ9",
          "dependencies": [
            "module.bastion.data.template_file.startup_script",
            "module.bastion.google_compute_instance.bastion",
            "module.bastion.google_service_account.manage-sa",
            "module.google_networks.google_compute_network.vpc",
            "module.google_networks.google_compute_subnetwork.management-subnet",
            "module.google_networks.google_compute_subnetwork.subnet"
          ]
        }
      ]
    },
    {
      "module": "module.google_kubernetes_cluster",
      "mode": "managed",
      "type": "google_container_node_pool",
      "name": "app_cluster_linux_node_pool",
      "provider": "provider[\"registry.terraform.io/hashicorp/google\"]",
      "instances": [
        {
          "schema_version": 1,
          "attributes": {
            "autoscaling": [],
            "cluster": "app-cluster",
            "id": "projects/project-for-mohab/locations/europe-west3/clusters/app-cluster/nodePools/app-cluster--linux-node-pool",
            "initial_node_count": 1,
            "instance_group_urls": [
              "https://www.googleapis.com/compute/v1/projects/project-for-mohab/zones/europe-west3-b/instanceGroupManagers/gke-app-cluster-app-cluster--linux-no-34e8ad65-grp"
            ],
            "location": "europe-west3",
            "management": [
              {
                "auto_repair": true,
                "auto_upgrade": true
              }
            ],
            "max_pods_per_node": 110,
            "name": "app-cluster--linux-node-pool",
            "name_prefix": "",
            "node_config": [
              {
                "disk_size_gb": 100,
                "disk_type": "pd-standard",
                "guest_accelerator": [],
                "image_type": "COS_CONTAINERD",
                "labels": {
                  "cluster": "app-cluster"
                },
                "local_ssd_count": 0,
                "machine_type": "e2-medium",
                "metadata": {
                  "disable-legacy-endpoints": "true",
                  "google-compute-enable-virtio-rng": "true"
                },
                "min_cpu_platform": "",
                "oauth_scopes": [
                  "https://www.googleapis.com/auth/logging.write",
                  "https://www.googleapis.com/auth/monitoring"
                ],
                "preemptible": false,
                "service_account": "gke-sa@project-for-mohab.iam.gserviceaccount.com",
                "shielded_instance_config": [
                  {
                    "enable_integrity_monitoring": true,
                    "enable_secure_boot": false
                  }
                ],
                "tags": [],
                "taint": [],
                "workload_metadata_config": []
              }
            ],
            "node_count": 1,
            "node_locations": [
              "europe-west3-b"
            ],
            "project": "project-for-mohab",
            "timeouts": null,
            "upgrade_settings": [
              {
                "max_surge": 1,
                "max_unavailable": 0
              }
            ],
            "version": "1.23.12-gke.100"
          },
          "sensitive_attributes": [],
          "private": "eyJlMmJmYjczMC1lY2FhLTExZTYtOGY4OC0zNDM2M2JjN2M0YzAiOnsiY3JlYXRlIjoxODAwMDAwMDAwMDAwLCJkZWxldGUiOjE4MDAwMDAwMDAwMDAsInVwZGF0ZSI6MTgwMDAwMDAwMDAwMH0sInNjaGVtYV92ZXJzaW9uIjoiMSJ9",
          "dependencies": [
            "module.bastion.data.template_file.startup_script",
            "module.bastion.google_compute_instance.bastion",
            "module.bastion.google_service_account.manage-sa",
            "module.google_kubernetes_cluster.google_container_cluster.app_cluster",
            "module.google_kubernetes_cluster.google_service_account.gke-sa",
            "module.google_networks.google_compute_network.vpc",
            "module.google_networks.google_compute_subnetwork.management-subnet",
            "module.google_networks.google_compute_subnetwork.subnet"
          ]
        }
      ]
    },
    {
      "module": "module.google_kubernetes_cluster",
      "mode": "managed",
      "type": "google_project_iam_binding",
      "name": "gke-sa-binding",
      "provider": "provider[\"registry.terraform.io/hashicorp/google\"]",
      "instances": [
        {
          "schema_version": 0,
          "attributes": {
            "condition": [],
            "etag": "BwXtsUvholw=",
            "id": "project-for-mohab/roles/storage.admin",
            "members": [
              "serviceAccount:gke-sa@project-for-mohab.iam.gserviceaccount.com"
            ],
            "project": "project-for-mohab",
            "role": "roles/storage.admin"
          },
          "sensitive_attributes": [],
          "private": "bnVsbA==",
          "dependencies": [
            "module.google_kubernetes_cluster.google_service_account.gke-sa"
          ]
        }
      ]
    },
    {
      "module": "module.google_kubernetes_cluster",
      "mode": "managed",
      "type": "google_project_iam_binding",
      "name": "gke-sa-binding2",
      "provider": "provider[\"registry.terraform.io/hashicorp/google\"]",
      "instances": [
        {
          "schema_version": 0,
          "attributes": {
            "condition": [],
            "etag": "BwXtsUvholw=",
            "id": "project-for-mohab/roles/container.admin",
            "members": [
              "serviceAccount:gke-sa@project-for-mohab.iam.gserviceaccount.com"
            ],
            "project": "project-for-mohab",
            "role": "roles/container.admin"
          },
          "sensitive_attributes": [],
          "private": "bnVsbA==",
          "dependencies": [
            "module.google_kubernetes_cluster.google_service_account.gke-sa"
          ]
        }
      ]
    },
    {
      "module": "module.google_kubernetes_cluster",
      "mode": "managed",
      "type": "google_service_account",
      "name": "gke-sa",
      "provider": "provider[\"registry.terraform.io/hashicorp/google\"]",
      "instances": [
        {
          "schema_version": 0,
          "attributes": {
            "account_id": "gke-sa",
            "description": "",
            "display_name": "GKE Service Account",
            "email": "gke-sa@project-for-mohab.iam.gserviceaccount.com",
            "id": "projects/project-for-mohab/serviceAccounts/gke-sa@project-for-mohab.iam.gserviceaccount.com",
            "name": "projects/project-for-mohab/serviceAccounts/gke-sa@project-for-mohab.iam.gserviceaccount.com",
            "project": "project-for-mohab",
            "timeouts": null,
            "unique_id": "105886174233034713734"
          },
          "sensitive_attributes": [],
          "private": "eyJlMmJmYjczMC1lY2FhLTExZTYtOGY4OC0zNDM2M2JjN2M0YzAiOnsiY3JlYXRlIjozMDAwMDAwMDAwMDB9fQ=="
        }
      ]
    },
    {
      "module": "module.google_networks",
      "mode": "managed",
      "type": "google_compute_network",
      "name": "vpc",
      "provider": "provider[\"registry.terraform.io/hashicorp/google\"]",
      "instances": [
        {
          "schema_version": 0,
          "attributes": {
            "auto_create_subnetworks": false,
            "delete_default_routes_on_create": true,
            "description": "",
            "gateway_ipv4": "",
            "id": "projects/project-for-mohab/global/networks/kubernetes-cluster",
            "mtu": 0,
            "name": "kubernetes-cluster",
            "project": "project-for-mohab",
            "routing_mode": "GLOBAL",
            "self_link": "https://www.googleapis.com/compute/v1/projects/project-for-mohab/global/networks/kubernetes-cluster",
            "timeouts": null
          },
          "sensitive_attributes": [],
          "private": "eyJlMmJmYjczMC1lY2FhLTExZTYtOGY4OC0zNDM2M2JjN2M0YzAiOnsiY3JlYXRlIjoyNDAwMDAwMDAwMDAsImRlbGV0ZSI6MjQwMDAwMDAwMDAwLCJ1cGRhdGUiOjI0MDAwMDAwMDAwMH19"
        }
      ]
    },
    {
      "module": "module.google_networks",
      "mode": "managed",
      "type": "google_compute_route",
      "name": "egress_internet",
      "provider": "provider[\"registry.terraform.io/hashicorp/google\"]",
      "instances": [
        {
          "schema_version": 0,
          "attributes": {
            "description": "",
            "dest_range": "0.0.0.0/0",
            "id": "projects/project-for-mohab/global/routes/egress-internet",
            "name": "egress-internet",
            "network": "https://www.googleapis.com/compute/v1/projects/project-for-mohab/global/networks/kubernetes-cluster",
            "next_hop_gateway": "https://www.googleapis.com/compute/v1/projects/project-for-mohab/global/gateways/default-internet-gateway",
            "next_hop_ilb": "",
            "next_hop_instance": "",
            "next_hop_instance_zone": null,
            "next_hop_ip": "",
            "next_hop_network": "",
            "next_hop_vpn_tunnel": "",
            "priority": 1000,
            "project": "project-for-mohab",
            "self_link": "https://www.googleapis.com/compute/v1/projects/project-for-mohab/global/routes/egress-internet",
            "tags": [],
            "timeouts": null
          },
          "sensitive_attributes": [],
          "private": "eyJlMmJmYjczMC1lY2FhLTExZTYtOGY4OC0zNDM2M2JjN2M0YzAiOnsiY3JlYXRlIjoyNDAwMDAwMDAwMDAsImRlbGV0ZSI6MjQwMDAwMDAwMDAwfX0=",
          "dependencies": [
            "module.google_networks.google_compute_network.vpc"
          ]
        }
      ]
    },
    {
      "module": "module.google_networks",
      "mode": "managed",
      "type": "google_compute_router",
      "name": "router",
      "provider": "provider[\"registry.terraform.io/hashicorp/google\"]",
      "instances": [
        {
          "schema_version": 0,
          "attributes": {
            "bgp": [],
            "creation_timestamp": "2022-11-17T09:52:25.765-08:00",
            "description": "",
            "id": "projects/project-for-mohab/regions/europe-west3/routers/kubernetes-cluster-router",
            "name": "kubernetes-cluster-router",
            "network": "https://www.googleapis.com/compute/v1/projects/project-for-mohab/global/networks/kubernetes-cluster",
            "project": "project-for-mohab",
            "region": "europe-west3",
            "self_link": "https://www.googleapis.com/compute/v1/projects/project-for-mohab/regions/europe-west3/routers/kubernetes-cluster-router",
            "timeouts": null
          },
          "sensitive_attributes": [],
          "private": "eyJlMmJmYjczMC1lY2FhLTExZTYtOGY4OC0zNDM2M2JjN2M0YzAiOnsiY3JlYXRlIjoyNDAwMDAwMDAwMDAsImRlbGV0ZSI6MjQwMDAwMDAwMDAwLCJ1cGRhdGUiOjI0MDAwMDAwMDAwMH19",
          "dependencies": [
            "module.google_networks.google_compute_network.vpc",
            "module.google_networks.google_compute_subnetwork.subnet"
          ]
        }
      ]
    },
    {
      "module": "module.google_networks",
      "mode": "managed",
      "type": "google_compute_router_nat",
      "name": "nat_router",
      "provider": "provider[\"registry.terraform.io/hashicorp/google\"]",
      "instances": [
        {
          "schema_version": 0,
          "attributes": {
            "drain_nat_ips": [],
            "icmp_idle_timeout_sec": 30,
            "id": "project-for-mohab/europe-west3/kubernetes-cluster-router/kubernetes-cluster--subnet-nat-router",
            "log_config": [
              {
                "enable": true,
                "filter": "ERRORS_ONLY"
              }
            ],
            "min_ports_per_vm": 0,
            "name": "kubernetes-cluster--subnet-nat-router",
            "nat_ip_allocate_option": "AUTO_ONLY",
            "nat_ips": [],
            "project": "project-for-mohab",
            "region": "europe-west3",
            "router": "kubernetes-cluster-router",
            "source_subnetwork_ip_ranges_to_nat": "LIST_OF_SUBNETWORKS",
            "subnetwork": [
              {
                "name": "https://www.googleapis.com/compute/v1/projects/project-for-mohab/regions/europe-west3/subnetworks/kubernetes-cluster--management-subnet",
                "secondary_ip_range_names": [],
                "source_ip_ranges_to_nat": [
                  "ALL_IP_RANGES"
                ]
              },
              {
                "name": "https://www.googleapis.com/compute/v1/projects/project-for-mohab/regions/europe-west3/subnetworks/kubernetes-cluster--subnet",
                "secondary_ip_range_names": [],
                "source_ip_ranges_to_nat": [
                  "ALL_IP_RANGES"
                ]
              }
            ],
            "tcp_established_idle_timeout_sec": 1200,
            "tcp_transitory_idle_timeout_sec": 30,
            "timeouts": null,
            "udp_idle_timeout_sec": 30
          },
          "sensitive_attributes": [],
          "private": "eyJlMmJmYjczMC1lY2FhLTExZTYtOGY4OC0zNDM2M2JjN2M0YzAiOnsiY3JlYXRlIjo2MDAwMDAwMDAwMDAsImRlbGV0ZSI6NjAwMDAwMDAwMDAwLCJ1cGRhdGUiOjYwMDAwMDAwMDAwMH19",
          "dependencies": [
            "module.google_networks.google_compute_network.vpc",
            "module.google_networks.google_compute_router.router",
            "module.google_networks.google_compute_subnetwork.management-subnet",
            "module.google_networks.google_compute_subnetwork.subnet"
          ]
        }
      ]
    },
    {
      "module": "module.google_networks",
      "mode": "managed",
      "type": "google_compute_subnetwork",
      "name": "management-subnet",
      "provider": "provider[\"registry.terraform.io/hashicorp/google\"]",
      "instances": [
        {
          "schema_version": 0,
          "attributes": {
            "creation_timestamp": "2022-11-17T09:52:03.065-08:00",
            "description": "",
            "fingerprint": null,
            "gateway_address": "10.9.0.1",
            "id": "projects/project-for-mohab/regions/europe-west3/subnetworks/kubernetes-cluster--management-subnet",
            "ip_cidr_range": "10.9.0.0/16",
            "log_config": [],
            "name": "kubernetes-cluster--management-subnet",
            "network": "https://www.googleapis.com/compute/v1/projects/project-for-mohab/global/networks/kubernetes-cluster",
            "private_ip_google_access": true,
            "private_ipv6_google_access": "DISABLE_GOOGLE_ACCESS",
            "project": "project-for-mohab",
            "region": "europe-west3",
            "secondary_ip_range": [],
            "self_link": "https://www.googleapis.com/compute/v1/projects/project-for-mohab/regions/europe-west3/subnetworks/kubernetes-cluster--management-subnet",
            "timeouts": null
          },
          "sensitive_attributes": [],
          "private": "eyJlMmJmYjczMC1lY2FhLTExZTYtOGY4OC0zNDM2M2JjN2M0YzAiOnsiY3JlYXRlIjozNjAwMDAwMDAwMDAsImRlbGV0ZSI6MzYwMDAwMDAwMDAwLCJ1cGRhdGUiOjM2MDAwMDAwMDAwMH19",
          "dependencies": [
            "module.google_networks.google_compute_network.vpc"
          ]
        }
      ]
    },
    {
      "module": "module.google_networks",
      "mode": "managed",
      "type": "google_compute_subnetwork",
      "name": "subnet",
      "provider": "provider[\"registry.terraform.io/hashicorp/google\"]",
      "instances": [
        {
          "schema_version": 0,
          "attributes": {
            "creation_timestamp": "2022-11-17T09:52:03.522-08:00",
            "description": "",
            "fingerprint": null,
            "gateway_address": "10.10.0.1",
            "id": "projects/project-for-mohab/regions/europe-west3/subnetworks/kubernetes-cluster--subnet",
            "ip_cidr_range": "10.10.0.0/16",
            "log_config": [],
            "name": "kubernetes-cluster--subnet",
            "network": "https://www.googleapis.com/compute/v1/projects/project-for-mohab/global/networks/kubernetes-cluster",
            "private_ip_google_access": true,
            "private_ipv6_google_access": "DISABLE_GOOGLE_ACCESS",
            "project": "project-for-mohab",
            "region": "europe-west3",
            "secondary_ip_range": [
              {
                "ip_cidr_range": "10.101.0.0/16",
                "range_name": "gke-app-cluster-pods-ce5f8e88"
              },
              {
                "ip_cidr_range": "10.102.0.0/16",
                "range_name": "gke-app-cluster-services-ce5f8e88"
              }
            ],
            "self_link": "https://www.googleapis.com/compute/v1/projects/project-for-mohab/regions/europe-west3/subnetworks/kubernetes-cluster--subnet",
            "timeouts": null
          },
          "sensitive_attributes": [],
          "private": "eyJlMmJmYjczMC1lY2FhLTExZTYtOGY4OC0zNDM2M2JjN2M0YzAiOnsiY3JlYXRlIjozNjAwMDAwMDAwMDAsImRlbGV0ZSI6MzYwMDAwMDAwMDAwLCJ1cGRhdGUiOjM2MDAwMDAwMDAwMH19",
          "dependencies": [
            "module.google_networks.google_compute_network.vpc"
          ]
        }
      ]
    }
  ],
  "check_results": null
}
